
Microsoft Visual Studio Solution File, Format Version 12.00
# Visual Studio Version 16
VisualStudioVersion = 16.0.31424.327
MinimumVisualStudioVersion = 10.0.40219.1
Project("{9A19103F-16F7-4668-BE54-9A1E7A4F7556}") = "TestProject1", "TestProject1.csproj", "{7DE27B64-F501-4489-84EA-F6CEEE432307}"
EndProject
Global
	GlobalSection(SolutionConfigurationPlatforms) = preSolution
		Debug|Any CPU = Debug|Any CPU
		Release|Any CPU = Release|Any CPU
	EndGlobalSection
	GlobalSection(ProjectConfigurationPlatforms) = postSolution
		{7DE27B64-F501-4489-84EA-F6CEEE432307}.Debug|Any CPU.ActiveCfg = Debug|Any CPU
		{7DE27B64-F501-4489-84EA-F6CEEE432307}.Debug|Any CPU.Build.0 = Debug|Any CPU
		{7DE27B64-F501-4489-84EA-F6CEEE432307}.Release|Any CPU.ActiveCfg = Release|Any CPU
		{7DE27B64-F501-4489-84EA-F6CEEE432307}.Release|Any CPU.Build.0 = Release|Any CPU
	EndGlobalSection
	GlobalSection(SolutionProperties) = preSolution
		HideSolutionNode = FALSE
	EndGlobalSection
	GlobalSection(ExtensibilityGlobals) = postSolution
		SolutionGuid = {0E7966BE-D9FE-4A1D-A353-6C1EC4A3FB89}
	EndGlobalSection
EndGlobal
